
Microsoft Visual Studio Solution File, Format Version 12.00
# Visual Studio Version 16
VisualStudioVersion = 16.0.31515.178
MinimumVisualStudioVersion = 10.0.40219.1
Project("{FAE04EC0-301F-11D3-BF4B-00C04F79EFBC}") = "IterationsConsoleApp", "IterationsConsoleApp\IterationsConsoleApp.csproj", "{DEFF84F0-8D7B-4110-AF61-0BB4834197FB}"
EndProject
Global
	GlobalSection(SolutionConfigurationPlatforms) = preSolution
		Debug|Any CPU = Debug|Any CPU
		Release|Any CPU = Release|Any CPU
	EndGlobalSection
	GlobalSection(ProjectConfigurationPlatforms) = postSolution
		{DEFF84F0-8D7B-4110-AF61-0BB4834197FB}.Debug|Any CPU.ActiveCfg = Debug|Any CPU
		{DEFF84F0-8D7B-4110-AF61-0BB4834197FB}.Debug|Any CPU.Build.0 = Debug|Any CPU
		{DEFF84F0-8D7B-4110-AF61-0BB4834197FB}.Release|Any CPU.ActiveCfg = Release|Any CPU
		{DEFF84F0-8D7B-4110-AF61-0BB4834197FB}.Release|Any CPU.Build.0 = Release|Any CPU
	EndGlobalSection
	GlobalSection(SolutionProperties) = preSolution
		HideSolutionNode = FALSE
	EndGlobalSection
	GlobalSection(ExtensibilityGlobals) = postSolution
		SolutionGuid = {A2A9B4BC-A4DB-425E-B097-41B2D148D19A}
	EndGlobalSection
EndGlobal
