
Microsoft Visual Studio Solution File, Format Version 12.00
# Visual Studio Version 16
VisualStudioVersion = 16.0.31515.178
MinimumVisualStudioVersion = 10.0.40219.1
Project("{FAE04EC0-301F-11D3-BF4B-00C04F79EFBC}") = "TwentyOneGame", "TwentyOneGame\TwentyOneGame.csproj", "{B7BE8A9B-CFF7-40FF-A09A-B0954369616F}"
EndProject
Global
	GlobalSection(SolutionConfigurationPlatforms) = preSolution
		Debug|Any CPU = Debug|Any CPU
		Release|Any CPU = Release|Any CPU
	EndGlobalSection
	GlobalSection(ProjectConfigurationPlatforms) = postSolution
		{B7BE8A9B-CFF7-40FF-A09A-B0954369616F}.Debug|Any CPU.ActiveCfg = Debug|Any CPU
		{B7BE8A9B-CFF7-40FF-A09A-B0954369616F}.Debug|Any CPU.Build.0 = Debug|Any CPU
		{B7BE8A9B-CFF7-40FF-A09A-B0954369616F}.Release|Any CPU.ActiveCfg = Release|Any CPU
		{B7BE8A9B-CFF7-40FF-A09A-B0954369616F}.Release|Any CPU.Build.0 = Release|Any CPU
	EndGlobalSection
	GlobalSection(SolutionProperties) = preSolution
		HideSolutionNode = FALSE
	EndGlobalSection
	GlobalSection(ExtensibilityGlobals) = postSolution
		SolutionGuid = {EDCCC438-393E-4B21-907E-1A623696757D}
	EndGlobalSection
EndGlobal
