
Microsoft Visual Studio Solution File, Format Version 12.00
# Visual Studio Version 16
VisualStudioVersion = 16.0.31515.178
MinimumVisualStudioVersion = 10.0.40219.1
Project("{FAE04EC0-301F-11D3-BF4B-00C04F79EFBC}") = "MVCApp", "MVCApp\MVCApp.csproj", "{7017FD81-7A8F-4FAD-8F20-4D692969F9BA}"
EndProject
Global
	GlobalSection(SolutionConfigurationPlatforms) = preSolution
		Debug|Any CPU = Debug|Any CPU
		Release|Any CPU = Release|Any CPU
	EndGlobalSection
	GlobalSection(ProjectConfigurationPlatforms) = postSolution
		{7017FD81-7A8F-4FAD-8F20-4D692969F9BA}.Debug|Any CPU.ActiveCfg = Debug|Any CPU
		{7017FD81-7A8F-4FAD-8F20-4D692969F9BA}.Debug|Any CPU.Build.0 = Debug|Any CPU
		{7017FD81-7A8F-4FAD-8F20-4D692969F9BA}.Release|Any CPU.ActiveCfg = Release|Any CPU
		{7017FD81-7A8F-4FAD-8F20-4D692969F9BA}.Release|Any CPU.Build.0 = Release|Any CPU
	EndGlobalSection
	GlobalSection(SolutionProperties) = preSolution
		HideSolutionNode = FALSE
	EndGlobalSection
	GlobalSection(ExtensibilityGlobals) = postSolution
		SolutionGuid = {C0F7D491-D0C9-4B39-A81A-8A42AABF8366}
	EndGlobalSection
EndGlobal
