
Microsoft Visual Studio Solution File, Format Version 12.00
# Visual Studio Version 16
VisualStudioVersion = 16.0.31515.178
MinimumVisualStudioVersion = 10.0.40219.1
Project("{FAE04EC0-301F-11D3-BF4B-00C04F79EFBC}") = "MethodsAndObjects", "MethodsAndObjects\MethodsAndObjects.csproj", "{DB43BA18-9937-4EFE-89C0-7BC0604CA1B4}"
EndProject
Global
	GlobalSection(SolutionConfigurationPlatforms) = preSolution
		Debug|Any CPU = Debug|Any CPU
		Release|Any CPU = Release|Any CPU
	EndGlobalSection
	GlobalSection(ProjectConfigurationPlatforms) = postSolution
		{DB43BA18-9937-4EFE-89C0-7BC0604CA1B4}.Debug|Any CPU.ActiveCfg = Debug|Any CPU
		{DB43BA18-9937-4EFE-89C0-7BC0604CA1B4}.Debug|Any CPU.Build.0 = Debug|Any CPU
		{DB43BA18-9937-4EFE-89C0-7BC0604CA1B4}.Release|Any CPU.ActiveCfg = Release|Any CPU
		{DB43BA18-9937-4EFE-89C0-7BC0604CA1B4}.Release|Any CPU.Build.0 = Release|Any CPU
	EndGlobalSection
	GlobalSection(SolutionProperties) = preSolution
		HideSolutionNode = FALSE
	EndGlobalSection
	GlobalSection(ExtensibilityGlobals) = postSolution
		SolutionGuid = {44E660BF-DDA1-443E-AB37-FC0E8C082A5E}
	EndGlobalSection
EndGlobal
