
Microsoft Visual Studio Solution File, Format Version 12.00
# Visual Studio Version 16
VisualStudioVersion = 16.0.31515.178
MinimumVisualStudioVersion = 10.0.40219.1
Project("{FAE04EC0-301F-11D3-BF4B-00C04F79EFBC}") = "ConsoleAppAssignment", "ConsoleAppAssignment\ConsoleAppAssignment.csproj", "{4023DF08-ADEB-4D85-BF50-8A28E8CC0367}"
EndProject
Global
	GlobalSection(SolutionConfigurationPlatforms) = preSolution
		Debug|Any CPU = Debug|Any CPU
		Release|Any CPU = Release|Any CPU
	EndGlobalSection
	GlobalSection(ProjectConfigurationPlatforms) = postSolution
		{4023DF08-ADEB-4D85-BF50-8A28E8CC0367}.Debug|Any CPU.ActiveCfg = Debug|Any CPU
		{4023DF08-ADEB-4D85-BF50-8A28E8CC0367}.Debug|Any CPU.Build.0 = Debug|Any CPU
		{4023DF08-ADEB-4D85-BF50-8A28E8CC0367}.Release|Any CPU.ActiveCfg = Release|Any CPU
		{4023DF08-ADEB-4D85-BF50-8A28E8CC0367}.Release|Any CPU.Build.0 = Release|Any CPU
	EndGlobalSection
	GlobalSection(SolutionProperties) = preSolution
		HideSolutionNode = FALSE
	EndGlobalSection
	GlobalSection(ExtensibilityGlobals) = postSolution
		SolutionGuid = {6C8674D2-E6EF-4F86-9ACD-27CD725C907C}
	EndGlobalSection
EndGlobal
