
Microsoft Visual Studio Solution File, Format Version 12.00
# Visual Studio Version 16
VisualStudioVersion = 16.0.31515.178
MinimumVisualStudioVersion = 10.0.40219.1
Project("{FAE04EC0-301F-11D3-BF4B-00C04F79EFBC}") = "MainMethodAssignment", "MainMethodAssignment\MainMethodAssignment.csproj", "{37AE5646-AF87-496D-AC40-FF596D5C228B}"
EndProject
Global
	GlobalSection(SolutionConfigurationPlatforms) = preSolution
		Debug|Any CPU = Debug|Any CPU
		Release|Any CPU = Release|Any CPU
	EndGlobalSection
	GlobalSection(ProjectConfigurationPlatforms) = postSolution
		{37AE5646-AF87-496D-AC40-FF596D5C228B}.Debug|Any CPU.ActiveCfg = Debug|Any CPU
		{37AE5646-AF87-496D-AC40-FF596D5C228B}.Debug|Any CPU.Build.0 = Debug|Any CPU
		{37AE5646-AF87-496D-AC40-FF596D5C228B}.Release|Any CPU.ActiveCfg = Release|Any CPU
		{37AE5646-AF87-496D-AC40-FF596D5C228B}.Release|Any CPU.Build.0 = Release|Any CPU
	EndGlobalSection
	GlobalSection(SolutionProperties) = preSolution
		HideSolutionNode = FALSE
	EndGlobalSection
	GlobalSection(ExtensibilityGlobals) = postSolution
		SolutionGuid = {4246E627-C5AA-4F2A-8000-AA0DB1F03676}
	EndGlobalSection
EndGlobal
