
Microsoft Visual Studio Solution File, Format Version 12.00
# Visual Studio Version 16
VisualStudioVersion = 16.0.31515.178
MinimumVisualStudioVersion = 10.0.40219.1
Project("{FAE04EC0-301F-11D3-BF4B-00C04F79EFBC}") = "VariablesAndDataTypes", "VariablesAndDataTypes\VariablesAndDataTypes.csproj", "{A134F1C5-0143-42B2-82AF-45517925AFA5}"
EndProject
Global
	GlobalSection(SolutionConfigurationPlatforms) = preSolution
		Debug|Any CPU = Debug|Any CPU
		Release|Any CPU = Release|Any CPU
	EndGlobalSection
	GlobalSection(ProjectConfigurationPlatforms) = postSolution
		{A134F1C5-0143-42B2-82AF-45517925AFA5}.Debug|Any CPU.ActiveCfg = Debug|Any CPU
		{A134F1C5-0143-42B2-82AF-45517925AFA5}.Debug|Any CPU.Build.0 = Debug|Any CPU
		{A134F1C5-0143-42B2-82AF-45517925AFA5}.Release|Any CPU.ActiveCfg = Release|Any CPU
		{A134F1C5-0143-42B2-82AF-45517925AFA5}.Release|Any CPU.Build.0 = Release|Any CPU
	EndGlobalSection
	GlobalSection(SolutionProperties) = preSolution
		HideSolutionNode = FALSE
	EndGlobalSection
	GlobalSection(ExtensibilityGlobals) = postSolution
		SolutionGuid = {75203B7E-65FE-4753-A5A7-95EA62880106}
	EndGlobalSection
EndGlobal
