
Microsoft Visual Studio Solution File, Format Version 12.00
# Visual Studio Version 16
VisualStudioVersion = 16.0.31515.178
MinimumVisualStudioVersion = 10.0.40219.1
Project("{FAE04EC0-301F-11D3-BF4B-00C04F79EFBC}") = "AbstractClassAssignment", "AbstractClassAssignment\AbstractClassAssignment.csproj", "{289BA669-EF7D-41F3-8E10-AA246E5DCB30}"
EndProject
Global
	GlobalSection(SolutionConfigurationPlatforms) = preSolution
		Debug|Any CPU = Debug|Any CPU
		Release|Any CPU = Release|Any CPU
	EndGlobalSection
	GlobalSection(ProjectConfigurationPlatforms) = postSolution
		{289BA669-EF7D-41F3-8E10-AA246E5DCB30}.Debug|Any CPU.ActiveCfg = Debug|Any CPU
		{289BA669-EF7D-41F3-8E10-AA246E5DCB30}.Debug|Any CPU.Build.0 = Debug|Any CPU
		{289BA669-EF7D-41F3-8E10-AA246E5DCB30}.Release|Any CPU.ActiveCfg = Release|Any CPU
		{289BA669-EF7D-41F3-8E10-AA246E5DCB30}.Release|Any CPU.Build.0 = Release|Any CPU
	EndGlobalSection
	GlobalSection(SolutionProperties) = preSolution
		HideSolutionNode = FALSE
	EndGlobalSection
	GlobalSection(ExtensibilityGlobals) = postSolution
		SolutionGuid = {435A33E1-BEF1-4906-ACC9-ABAC83B4F8F1}
	EndGlobalSection
EndGlobal
