
Microsoft Visual Studio Solution File, Format Version 12.00
# Visual Studio Version 16
VisualStudioVersion = 16.0.31515.178
MinimumVisualStudioVersion = 10.0.40219.1
Project("{FAE04EC0-301F-11D3-BF4B-00C04F79EFBC}") = "ClassAssignment", "ClassAssignment\ClassAssignment.csproj", "{0F55FFC2-05A7-43E2-836F-19CFBE97388F}"
EndProject
Global
	GlobalSection(SolutionConfigurationPlatforms) = preSolution
		Debug|Any CPU = Debug|Any CPU
		Release|Any CPU = Release|Any CPU
	EndGlobalSection
	GlobalSection(ProjectConfigurationPlatforms) = postSolution
		{0F55FFC2-05A7-43E2-836F-19CFBE97388F}.Debug|Any CPU.ActiveCfg = Debug|Any CPU
		{0F55FFC2-05A7-43E2-836F-19CFBE97388F}.Debug|Any CPU.Build.0 = Debug|Any CPU
		{0F55FFC2-05A7-43E2-836F-19CFBE97388F}.Release|Any CPU.ActiveCfg = Release|Any CPU
		{0F55FFC2-05A7-43E2-836F-19CFBE97388F}.Release|Any CPU.Build.0 = Release|Any CPU
	EndGlobalSection
	GlobalSection(SolutionProperties) = preSolution
		HideSolutionNode = FALSE
	EndGlobalSection
	GlobalSection(ExtensibilityGlobals) = postSolution
		SolutionGuid = {070C2837-05A8-425B-9F52-4D74F662E2FD}
	EndGlobalSection
EndGlobal
